
Microsoft Visual Studio Solution File, Format Version 12.00
# Visual Studio Version 16
VisualStudioVersion = 16.0.29306.81
MinimumVisualStudioVersion = 10.0.40219.1
Project("{FAE04EC0-301F-11D3-BF4B-00C04F79EFBC}") = "Problema1TipoDeDatos", "Problema1TipoDeDatos\Problema1TipoDeDatos.csproj", "{52F607FE-9D4A-4E6F-84E1-63F7E2221094}"
EndProject
Project("{FAE04EC0-301F-11D3-BF4B-00C04F79EFBC}") = "Problema2Divisor", "Problema2Divisor\Problema2Divisor.csproj", "{C1D842FD-6C2F-4F01-B9F3-DBF30F0269F5}"
EndProject
Project("{FAE04EC0-301F-11D3-BF4B-00C04F79EFBC}") = "Programa07", "Programa07\Programa07.csproj", "{7FE62CF1-CBDC-49D0-AF85-54AAD87201D8}"
EndProject
Project("{FAE04EC0-301F-11D3-BF4B-00C04F79EFBC}") = "Programa08.01", "Programa08.01\Programa08.01.csproj", "{477A75D4-761D-4119-84D8-EFF0889527BA}"
EndProject
Project("{FAE04EC0-301F-11D3-BF4B-00C04F79EFBC}") = "Programa08.02", "Programa08.02\Programa08.02.csproj", "{F7D2717B-F6CB-4356-9741-726DF3C4A8AC}"
EndProject
Project("{FAE04EC0-301F-11D3-BF4B-00C04F79EFBC}") = "Programa08.03", "Programa08.03\Programa08.03.csproj", "{9027B4DA-C497-4CDF-912D-9F174E1D04C3}"
EndProject
Project("{FAE04EC0-301F-11D3-BF4B-00C04F79EFBC}") = "Programa08.04", "Programa08.04\Programa08.04.csproj", "{F32AACBE-92E6-4E65-B53B-92A65F6ABCA5}"
EndProject
Project("{FAE04EC0-301F-11D3-BF4B-00C04F79EFBC}") = "Programa08.05", "Programa08.05\Programa08.05.csproj", "{D8658BF8-8984-42AE-A938-B2AA78BFE38A}"
EndProject
Project("{FAE04EC0-301F-11D3-BF4B-00C04F79EFBC}") = "Programa08.06", "Programa08.06\Programa08.06.csproj", "{49600508-2C00-430B-8377-25A689192D88}"
EndProject
Project("{FAE04EC0-301F-11D3-BF4B-00C04F79EFBC}") = "Programa08.07", "Programa08.07\Programa08.07.csproj", "{B8DC5330-24E0-443F-9ACD-065F9369EAC8}"
EndProject
Project("{FAE04EC0-301F-11D3-BF4B-00C04F79EFBC}") = "Programa08.08", "Programa08.08\Programa08.08.csproj", "{06B83FDB-9877-4934-9F7C-AD9838628483}"
EndProject
Project("{FAE04EC0-301F-11D3-BF4B-00C04F79EFBC}") = "Programa08.09", "Programa08.09\Programa08.09.csproj", "{680B6DDF-6A57-4C33-811B-C27EC80B516C}"
EndProject
Project("{FAE04EC0-301F-11D3-BF4B-00C04F79EFBC}") = "Programa08.10", "Programa08.10\Programa08.10.csproj", "{825AA6E5-E824-4252-A9AB-329C8638A668}"
EndProject
Project("{FAE04EC0-301F-11D3-BF4B-00C04F79EFBC}") = "Programa08.11", "Programa08.11\Programa08.11.csproj", "{A75E7A6F-35F6-4C28-84D2-322D08C90584}"
EndProject
Project("{FAE04EC0-301F-11D3-BF4B-00C04F79EFBC}") = "Programa08.12", "Programa08.12\Programa08.12.csproj", "{6F901198-82E3-4BC2-9E33-A22EE835E087}"
EndProject
Project("{FAE04EC0-301F-11D3-BF4B-00C04F79EFBC}") = "Programa08.13", "Programa08.13\Programa08.13.csproj", "{0FC38AFC-E4C7-475E-9513-8D033700417E}"
EndProject
Project("{FAE04EC0-301F-11D3-BF4B-00C04F79EFBC}") = "Programa08.14", "Programa08.14\Programa08.14.csproj", "{583C5086-8FC9-495B-B1CA-DA4ED4F1EB27}"
EndProject
Project("{FAE04EC0-301F-11D3-BF4B-00C04F79EFBC}") = "Programa08.15", "Programa08.15\Programa08.15.csproj", "{0E266148-98F8-4148-B28C-781C6F352DF5}"
EndProject
Project("{FAE04EC0-301F-11D3-BF4B-00C04F79EFBC}") = "Programa08.16", "Progrma08.16\Programa08.16.csproj", "{9618A477-E31B-4F72-B6B8-CE6A72FCF70F}"
EndProject
Project("{FAE04EC0-301F-11D3-BF4B-00C04F79EFBC}") = "Programa08.17", "Programa08.17\Programa08.17.csproj", "{66238646-A923-466C-938C-967CD026BEE7}"
EndProject
Project("{FAE04EC0-301F-11D3-BF4B-00C04F79EFBC}") = "Programa08.18", "Programa08.18\Programa08.18.csproj", "{1452EC44-A650-43C1-B874-A4A45CF72E83}"
EndProject
Project("{FAE04EC0-301F-11D3-BF4B-00C04F79EFBC}") = "Programa08.19", "Programa08.19\Programa08.19.csproj", "{68969087-49AD-422F-836B-6012FFA0EF54}"
EndProject
Project("{FAE04EC0-301F-11D3-BF4B-00C04F79EFBC}") = "Programa08.20", "Programa08.20\Programa08.20.csproj", "{902AA8AD-7477-4CD7-9F3A-BE7878ECE8ED}"
EndProject
Global
	GlobalSection(SolutionConfigurationPlatforms) = preSolution
		Debug|Any CPU = Debug|Any CPU
		Release|Any CPU = Release|Any CPU
	EndGlobalSection
	GlobalSection(ProjectConfigurationPlatforms) = postSolution
		{52F607FE-9D4A-4E6F-84E1-63F7E2221094}.Debug|Any CPU.ActiveCfg = Debug|Any CPU
		{52F607FE-9D4A-4E6F-84E1-63F7E2221094}.Debug|Any CPU.Build.0 = Debug|Any CPU
		{52F607FE-9D4A-4E6F-84E1-63F7E2221094}.Release|Any CPU.ActiveCfg = Release|Any CPU
		{52F607FE-9D4A-4E6F-84E1-63F7E2221094}.Release|Any CPU.Build.0 = Release|Any CPU
		{C1D842FD-6C2F-4F01-B9F3-DBF30F0269F5}.Debug|Any CPU.ActiveCfg = Debug|Any CPU
		{C1D842FD-6C2F-4F01-B9F3-DBF30F0269F5}.Debug|Any CPU.Build.0 = Debug|Any CPU
		{C1D842FD-6C2F-4F01-B9F3-DBF30F0269F5}.Release|Any CPU.ActiveCfg = Release|Any CPU
		{C1D842FD-6C2F-4F01-B9F3-DBF30F0269F5}.Release|Any CPU.Build.0 = Release|Any CPU
		{7FE62CF1-CBDC-49D0-AF85-54AAD87201D8}.Debug|Any CPU.ActiveCfg = Debug|Any CPU
		{7FE62CF1-CBDC-49D0-AF85-54AAD87201D8}.Debug|Any CPU.Build.0 = Debug|Any CPU
		{7FE62CF1-CBDC-49D0-AF85-54AAD87201D8}.Release|Any CPU.ActiveCfg = Release|Any CPU
		{7FE62CF1-CBDC-49D0-AF85-54AAD87201D8}.Release|Any CPU.Build.0 = Release|Any CPU
		{477A75D4-761D-4119-84D8-EFF0889527BA}.Debug|Any CPU.ActiveCfg = Debug|Any CPU
		{477A75D4-761D-4119-84D8-EFF0889527BA}.Debug|Any CPU.Build.0 = Debug|Any CPU
		{477A75D4-761D-4119-84D8-EFF0889527BA}.Release|Any CPU.ActiveCfg = Release|Any CPU
		{477A75D4-761D-4119-84D8-EFF0889527BA}.Release|Any CPU.Build.0 = Release|Any CPU
		{F7D2717B-F6CB-4356-9741-726DF3C4A8AC}.Debug|Any CPU.ActiveCfg = Debug|Any CPU
		{F7D2717B-F6CB-4356-9741-726DF3C4A8AC}.Debug|Any CPU.Build.0 = Debug|Any CPU
		{F7D2717B-F6CB-4356-9741-726DF3C4A8AC}.Release|Any CPU.ActiveCfg = Release|Any CPU
		{F7D2717B-F6CB-4356-9741-726DF3C4A8AC}.Release|Any CPU.Build.0 = Release|Any CPU
		{9027B4DA-C497-4CDF-912D-9F174E1D04C3}.Debug|Any CPU.ActiveCfg = Debug|Any CPU
		{9027B4DA-C497-4CDF-912D-9F174E1D04C3}.Debug|Any CPU.Build.0 = Debug|Any CPU
		{9027B4DA-C497-4CDF-912D-9F174E1D04C3}.Release|Any CPU.ActiveCfg = Release|Any CPU
		{9027B4DA-C497-4CDF-912D-9F174E1D04C3}.Release|Any CPU.Build.0 = Release|Any CPU
		{F32AACBE-92E6-4E65-B53B-92A65F6ABCA5}.Debug|Any CPU.ActiveCfg = Debug|Any CPU
		{F32AACBE-92E6-4E65-B53B-92A65F6ABCA5}.Debug|Any CPU.Build.0 = Debug|Any CPU
		{F32AACBE-92E6-4E65-B53B-92A65F6ABCA5}.Release|Any CPU.ActiveCfg = Release|Any CPU
		{F32AACBE-92E6-4E65-B53B-92A65F6ABCA5}.Release|Any CPU.Build.0 = Release|Any CPU
		{D8658BF8-8984-42AE-A938-B2AA78BFE38A}.Debug|Any CPU.ActiveCfg = Debug|Any CPU
		{D8658BF8-8984-42AE-A938-B2AA78BFE38A}.Debug|Any CPU.Build.0 = Debug|Any CPU
		{D8658BF8-8984-42AE-A938-B2AA78BFE38A}.Release|Any CPU.ActiveCfg = Release|Any CPU
		{D8658BF8-8984-42AE-A938-B2AA78BFE38A}.Release|Any CPU.Build.0 = Release|Any CPU
		{49600508-2C00-430B-8377-25A689192D88}.Debug|Any CPU.ActiveCfg = Debug|Any CPU
		{49600508-2C00-430B-8377-25A689192D88}.Debug|Any CPU.Build.0 = Debug|Any CPU
		{49600508-2C00-430B-8377-25A689192D88}.Release|Any CPU.ActiveCfg = Release|Any CPU
		{49600508-2C00-430B-8377-25A689192D88}.Release|Any CPU.Build.0 = Release|Any CPU
		{B8DC5330-24E0-443F-9ACD-065F9369EAC8}.Debug|Any CPU.ActiveCfg = Debug|Any CPU
		{B8DC5330-24E0-443F-9ACD-065F9369EAC8}.Debug|Any CPU.Build.0 = Debug|Any CPU
		{B8DC5330-24E0-443F-9ACD-065F9369EAC8}.Release|Any CPU.ActiveCfg = Release|Any CPU
		{B8DC5330-24E0-443F-9ACD-065F9369EAC8}.Release|Any CPU.Build.0 = Release|Any CPU
		{06B83FDB-9877-4934-9F7C-AD9838628483}.Debug|Any CPU.ActiveCfg = Debug|Any CPU
		{06B83FDB-9877-4934-9F7C-AD9838628483}.Debug|Any CPU.Build.0 = Debug|Any CPU
		{06B83FDB-9877-4934-9F7C-AD9838628483}.Release|Any CPU.ActiveCfg = Release|Any CPU
		{06B83FDB-9877-4934-9F7C-AD9838628483}.Release|Any CPU.Build.0 = Release|Any CPU
		{680B6DDF-6A57-4C33-811B-C27EC80B516C}.Debug|Any CPU.ActiveCfg = Debug|Any CPU
		{680B6DDF-6A57-4C33-811B-C27EC80B516C}.Debug|Any CPU.Build.0 = Debug|Any CPU
		{680B6DDF-6A57-4C33-811B-C27EC80B516C}.Release|Any CPU.ActiveCfg = Release|Any CPU
		{680B6DDF-6A57-4C33-811B-C27EC80B516C}.Release|Any CPU.Build.0 = Release|Any CPU
		{825AA6E5-E824-4252-A9AB-329C8638A668}.Debug|Any CPU.ActiveCfg = Debug|Any CPU
		{825AA6E5-E824-4252-A9AB-329C8638A668}.Debug|Any CPU.Build.0 = Debug|Any CPU
		{825AA6E5-E824-4252-A9AB-329C8638A668}.Release|Any CPU.ActiveCfg = Release|Any CPU
		{825AA6E5-E824-4252-A9AB-329C8638A668}.Release|Any CPU.Build.0 = Release|Any CPU
		{A75E7A6F-35F6-4C28-84D2-322D08C90584}.Debug|Any CPU.ActiveCfg = Debug|Any CPU
		{A75E7A6F-35F6-4C28-84D2-322D08C90584}.Debug|Any CPU.Build.0 = Debug|Any CPU
		{A75E7A6F-35F6-4C28-84D2-322D08C90584}.Release|Any CPU.ActiveCfg = Release|Any CPU
		{A75E7A6F-35F6-4C28-84D2-322D08C90584}.Release|Any CPU.Build.0 = Release|Any CPU
		{6F901198-82E3-4BC2-9E33-A22EE835E087}.Debug|Any CPU.ActiveCfg = Debug|Any CPU
		{6F901198-82E3-4BC2-9E33-A22EE835E087}.Debug|Any CPU.Build.0 = Debug|Any CPU
		{6F901198-82E3-4BC2-9E33-A22EE835E087}.Release|Any CPU.ActiveCfg = Release|Any CPU
		{6F901198-82E3-4BC2-9E33-A22EE835E087}.Release|Any CPU.Build.0 = Release|Any CPU
		{0FC38AFC-E4C7-475E-9513-8D033700417E}.Debug|Any CPU.ActiveCfg = Debug|Any CPU
		{0FC38AFC-E4C7-475E-9513-8D033700417E}.Debug|Any CPU.Build.0 = Debug|Any CPU
		{0FC38AFC-E4C7-475E-9513-8D033700417E}.Release|Any CPU.ActiveCfg = Release|Any CPU
		{0FC38AFC-E4C7-475E-9513-8D033700417E}.Release|Any CPU.Build.0 = Release|Any CPU
		{583C5086-8FC9-495B-B1CA-DA4ED4F1EB27}.Debug|Any CPU.ActiveCfg = Debug|Any CPU
		{583C5086-8FC9-495B-B1CA-DA4ED4F1EB27}.Debug|Any CPU.Build.0 = Debug|Any CPU
		{583C5086-8FC9-495B-B1CA-DA4ED4F1EB27}.Release|Any CPU.ActiveCfg = Release|Any CPU
		{583C5086-8FC9-495B-B1CA-DA4ED4F1EB27}.Release|Any CPU.Build.0 = Release|Any CPU
		{0E266148-98F8-4148-B28C-781C6F352DF5}.Debug|Any CPU.ActiveCfg = Debug|Any CPU
		{0E266148-98F8-4148-B28C-781C6F352DF5}.Debug|Any CPU.Build.0 = Debug|Any CPU
		{0E266148-98F8-4148-B28C-781C6F352DF5}.Release|Any CPU.ActiveCfg = Release|Any CPU
		{0E266148-98F8-4148-B28C-781C6F352DF5}.Release|Any CPU.Build.0 = Release|Any CPU
		{9618A477-E31B-4F72-B6B8-CE6A72FCF70F}.Debug|Any CPU.ActiveCfg = Debug|Any CPU
		{9618A477-E31B-4F72-B6B8-CE6A72FCF70F}.Debug|Any CPU.Build.0 = Debug|Any CPU
		{9618A477-E31B-4F72-B6B8-CE6A72FCF70F}.Release|Any CPU.ActiveCfg = Release|Any CPU
		{9618A477-E31B-4F72-B6B8-CE6A72FCF70F}.Release|Any CPU.Build.0 = Release|Any CPU
		{66238646-A923-466C-938C-967CD026BEE7}.Debug|Any CPU.ActiveCfg = Debug|Any CPU
		{66238646-A923-466C-938C-967CD026BEE7}.Debug|Any CPU.Build.0 = Debug|Any CPU
		{66238646-A923-466C-938C-967CD026BEE7}.Release|Any CPU.ActiveCfg = Release|Any CPU
		{66238646-A923-466C-938C-967CD026BEE7}.Release|Any CPU.Build.0 = Release|Any CPU
		{1452EC44-A650-43C1-B874-A4A45CF72E83}.Debug|Any CPU.ActiveCfg = Debug|Any CPU
		{1452EC44-A650-43C1-B874-A4A45CF72E83}.Debug|Any CPU.Build.0 = Debug|Any CPU
		{1452EC44-A650-43C1-B874-A4A45CF72E83}.Release|Any CPU.ActiveCfg = Release|Any CPU
		{1452EC44-A650-43C1-B874-A4A45CF72E83}.Release|Any CPU.Build.0 = Release|Any CPU
		{68969087-49AD-422F-836B-6012FFA0EF54}.Debug|Any CPU.ActiveCfg = Debug|Any CPU
		{68969087-49AD-422F-836B-6012FFA0EF54}.Debug|Any CPU.Build.0 = Debug|Any CPU
		{68969087-49AD-422F-836B-6012FFA0EF54}.Release|Any CPU.ActiveCfg = Release|Any CPU
		{68969087-49AD-422F-836B-6012FFA0EF54}.Release|Any CPU.Build.0 = Release|Any CPU
		{902AA8AD-7477-4CD7-9F3A-BE7878ECE8ED}.Debug|Any CPU.ActiveCfg = Debug|Any CPU
		{902AA8AD-7477-4CD7-9F3A-BE7878ECE8ED}.Debug|Any CPU.Build.0 = Debug|Any CPU
		{902AA8AD-7477-4CD7-9F3A-BE7878ECE8ED}.Release|Any CPU.ActiveCfg = Release|Any CPU
		{902AA8AD-7477-4CD7-9F3A-BE7878ECE8ED}.Release|Any CPU.Build.0 = Release|Any CPU
	EndGlobalSection
	GlobalSection(SolutionProperties) = preSolution
		HideSolutionNode = FALSE
	EndGlobalSection
	GlobalSection(ExtensibilityGlobals) = postSolution
		SolutionGuid = {3C88BE18-8570-470F-959B-F72F82E32D9B}
	EndGlobalSection
EndGlobal
